// !$*UTF8*$!
{
	archiveVersion = 1;
	classes = {
	};
	objectVersion = 50;
	objects = {

/* Begin PBXBuildFile section */
		C5534D6A97ECE787E33DFF60 /* Pods_City_Mapa.framework in Frameworks */ = {isa = PBXBuildFile; fileRef = BEBFB1FEDA959F5EFB96C24C /* Pods_City_Mapa.framework */; };
		EC218A72204D37C700EFAC4B /* DroppablePin.swift in Sources */ = {isa = PBXBuildFile; fileRef = EC218A71204D37C700EFAC4B /* DroppablePin.swift */; };
		EC2A4F0A2050A20B0077A6C4 /* PhotoCell.swift in Sources */ = {isa = PBXBuildFile; fileRef = EC2A4F092050A20B0077A6C4 /* PhotoCell.swift */; };
		EC349C332048A829005D7751 /* AppDelegate.swift in Sources */ = {isa = PBXBuildFile; fileRef = EC349C322048A829005D7751 /* AppDelegate.swift */; };
		EC349C352048A829005D7751 /* MapVC.swift in Sources */ = {isa = PBXBuildFile; fileRef = EC349C342048A829005D7751 /* MapVC.swift */; };
		EC349C382048A829005D7751 /* Main.storyboard in Resources */ = {isa = PBXBuildFile; fileRef = EC349C362048A829005D7751 /* Main.storyboard */; };
		EC349C3A2048A82B005D7751 /* Assets.xcassets in Resources */ = {isa = PBXBuildFile; fileRef = EC349C392048A82B005D7751 /* Assets.xcassets */; };
		EC349C3D2048A82B005D7751 /* LaunchScreen.storyboard in Resources */ = {isa = PBXBuildFile; fileRef = EC349C3B2048A82B005D7751 /* LaunchScreen.storyboard */; };
		EC349C492048A8FD005D7751 /* Constants.swift in Sources */ = {isa = PBXBuildFile; fileRef = EC349C482048A8FD005D7751 /* Constants.swift */; };
		ECA6B4A620546EB9000EBB1F /* PopVC.swift in Sources */ = {isa = PBXBuildFile; fileRef = ECA6B4A520546EB9000EBB1F /* PopVC.swift */; };
/* End PBXBuildFile section */

/* Begin PBXFileReference section */
		11574F889A8EADF159BE3BA2 /* Pods-City Mapa.release.xcconfig */ = {isa = PBXFileReference; includeInIndex = 1; lastKnownFileType = text.xcconfig; name = "Pods-City Mapa.release.xcconfig"; path = "Pods/Target Support Files/Pods-City Mapa/Pods-City Mapa.release.xcconfig"; sourceTree = "<group>"; };
		355AC659E8F7240D8B322962 /* Pods-City Mapa.debug.xcconfig */ = {isa = PBXFileReference; includeInIndex = 1; lastKnownFileType = text.xcconfig; name = "Pods-City Mapa.debug.xcconfig"; path = "Pods/Target Support Files/Pods-City Mapa/Pods-City Mapa.debug.xcconfig"; sourceTree = "<group>"; };
		BEBFB1FEDA959F5EFB96C24C /* Pods_City_Mapa.framework */ = {isa = PBXFileReference; explicitFileType = wrapper.framework; includeInIndex = 0; path = Pods_City_Mapa.framework; sourceTree = BUILT_PRODUCTS_DIR; };
		EC218A71204D37C700EFAC4B /* DroppablePin.swift */ = {isa = PBXFileReference; lastKnownFileType = sourcecode.swift; path = DroppablePin.swift; sourceTree = "<group>"; };
		EC2A4F092050A20B0077A6C4 /* PhotoCell.swift */ = {isa = PBXFileReference; lastKnownFileType = sourcecode.swift; path = PhotoCell.swift; sourceTree = "<group>"; };
		EC349C2F2048A829005D7751 /* City Mapa.app */ = {isa = PBXFileReference; explicitFileType = wrapper.application; includeInIndex = 0; path = "City Mapa.app"; sourceTree = BUILT_PRODUCTS_DIR; };
		EC349C322048A829005D7751 /* AppDelegate.swift */ = {isa = PBXFileReference; lastKnownFileType = sourcecode.swift; path = AppDelegate.swift; sourceTree = "<group>"; };
		EC349C342048A829005D7751 /* MapVC.swift */ = {isa = PBXFileReference; lastKnownFileType = sourcecode.swift; path = MapVC.swift; sourceTree = "<group>"; };
		EC349C372048A829005D7751 /* Base */ = {isa = PBXFileReference; lastKnownFileType = file.storyboard; name = Base; path = Base.lproj/Main.storyboard; sourceTree = "<group>"; };
		EC349C392048A82B005D7751 /* Assets.xcassets */ = {isa = PBXFileReference; lastKnownFileType = folder.assetcatalog; path = Assets.xcassets; sourceTree = "<group>"; };
		EC349C3C2048A82B005D7751 /* Base */ = {isa = PBXFileReference; lastKnownFileType = file.storyboard; name = Base; path = Base.lproj/LaunchScreen.storyboard; sourceTree = "<group>"; };
		EC349C3E2048A82B005D7751 /* Info.plist */ = {isa = PBXFileReference; lastKnownFileType = text.plist.xml; path = Info.plist; sourceTree = "<group>"; };
		EC349C482048A8FD005D7751 /* Constants.swift */ = {isa = PBXFileReference; lastKnownFileType = sourcecode.swift; path = Constants.swift; sourceTree = "<group>"; };
		ECA6B4A520546EB9000EBB1F /* PopVC.swift */ = {isa = PBXFileReference; lastKnownFileType = sourcecode.swift; path = PopVC.swift; sourceTree = "<group>"; };
/* End PBXFileReference section */

/* Begin PBXFrameworksBuildPhase section */
		EC349C2C2048A829005D7751 /* Frameworks */ = {
			isa = PBXFrameworksBuildPhase;
			buildActionMask = 2147483647;
			files = (
				C5534D6A97ECE787E33DFF60 /* Pods_City_Mapa.framework in Frameworks */,
			);
			runOnlyForDeploymentPostprocessing = 0;
		};
/* End PBXFrameworksBuildPhase section */

/* Begin PBXGroup section */
		0078FF0B28BF16919523DBC3 /* Frameworks */ = {
			isa = PBXGroup;
			children = (
				BEBFB1FEDA959F5EFB96C24C /* Pods_City_Mapa.framework */,
			);
			name = Frameworks;
			sourceTree = "<group>";
		};
		5C49686D31B48F08076062D2 /* Pods */ = {
			isa = PBXGroup;
			children = (
				355AC659E8F7240D8B322962 /* Pods-City Mapa.debug.xcconfig */,
				11574F889A8EADF159BE3BA2 /* Pods-City Mapa.release.xcconfig */,
			);
			name = Pods;
			sourceTree = "<group>";
		};
		EC349C262048A829005D7751 = {
			isa = PBXGroup;
			children = (
				EC349C312048A829005D7751 /* City Mapa */,
				EC349C302048A829005D7751 /* Products */,
				5C49686D31B48F08076062D2 /* Pods */,
				0078FF0B28BF16919523DBC3 /* Frameworks */,
			);
			sourceTree = "<group>";
		};
		EC349C302048A829005D7751 /* Products */ = {
			isa = PBXGroup;
			children = (
				EC349C2F2048A829005D7751 /* City Mapa.app */,
			);
			name = Products;
			sourceTree = "<group>";
		};
		EC349C312048A829005D7751 /* City Mapa */ = {
			isa = PBXGroup;
			children = (
				EC349C472048A8F0005D7751 /* Utilities */,
				EC349C462048A8D2005D7751 /* Extentions */,
				EC349C452048A8CD005D7751 /* View */,
				EC349C442048A8BE005D7751 /* Controller */,
				EC349C322048A829005D7751 /* AppDelegate.swift */,
				EC349C362048A829005D7751 /* Main.storyboard */,
				EC349C392048A82B005D7751 /* Assets.xcassets */,
				EC349C3B2048A82B005D7751 /* LaunchScreen.storyboard */,
				EC349C3E2048A82B005D7751 /* Info.plist */,
			);
			path = "City Mapa";
			sourceTree = "<group>";
		};
		EC349C442048A8BE005D7751 /* Controller */ = {
			isa = PBXGroup;
			children = (
				EC349C342048A829005D7751 /* MapVC.swift */,
				ECA6B4A520546EB9000EBB1F /* PopVC.swift */,
			);
			path = Controller;
			sourceTree = "<group>";
		};
		EC349C452048A8CD005D7751 /* View */ = {
			isa = PBXGroup;
			children = (
				EC218A71204D37C700EFAC4B /* DroppablePin.swift */,
				EC2A4F092050A20B0077A6C4 /* PhotoCell.swift */,
			);
			path = View;
			sourceTree = "<group>";
		};
		EC349C462048A8D2005D7751 /* Extentions */ = {
			isa = PBXGroup;
			children = (
			);
			path = Extentions;
			sourceTree = "<group>";
		};
		EC349C472048A8F0005D7751 /* Utilities */ = {
			isa = PBXGroup;
			children = (
				EC349C482048A8FD005D7751 /* Constants.swift */,
			);
			path = Utilities;
			sourceTree = "<group>";
		};
/* End PBXGroup section */

/* Begin PBXNativeTarget section */
		EC349C2E2048A829005D7751 /* City Mapa */ = {
			isa = PBXNativeTarget;
			buildConfigurationList = EC349C412048A82B005D7751 /* Build configuration list for PBXNativeTarget "City Mapa" */;
			buildPhases = (
				9F3AC224760428E1D928D7F3 /* [CP] Check Pods Manifest.lock */,
				EC349C2B2048A829005D7751 /* Sources */,
				EC349C2C2048A829005D7751 /* Frameworks */,
				EC349C2D2048A829005D7751 /* Resources */,
				F8FA9AF9B21CBDC8E2668673 /* [CP] Embed Pods Frameworks */,
				BE0768C27D484BCCE095B57C /* [CP] Copy Pods Resources */,
			);
			buildRules = (
			);
			dependencies = (
			);
			name = "City Mapa";
			productName = "City Mapa";
			productReference = EC349C2F2048A829005D7751 /* City Mapa.app */;
			productType = "com.apple.product-type.application";
		};
/* End PBXNativeTarget section */

/* Begin PBXProject section */
		EC349C272048A829005D7751 /* Project object */ = {
			isa = PBXProject;
			attributes = {
				LastSwiftUpdateCheck = 0930;
				LastUpgradeCheck = 0930;
				ORGANIZATIONNAME = "Alex Azarov";
				TargetAttributes = {
					EC349C2E2048A829005D7751 = {
						CreatedOnToolsVersion = 9.3;
					};
				};
			};
			buildConfigurationList = EC349C2A2048A829005D7751 /* Build configuration list for PBXProject "City Mapa" */;
			compatibilityVersion = "Xcode 9.3";
			developmentRegion = en;
			hasScannedForEncodings = 0;
			knownRegions = (
				en,
				Base,
			);
			mainGroup = EC349C262048A829005D7751;
			productRefGroup = EC349C302048A829005D7751 /* Products */;
			projectDirPath = "";
			projectRoot = "";
			targets = (
				EC349C2E2048A829005D7751 /* City Mapa */,
			);
		};
/* End PBXProject section */

/* Begin PBXResourcesBuildPhase section */
		EC349C2D2048A829005D7751 /* Resources */ = {
			isa = PBXResourcesBuildPhase;
			buildActionMask = 2147483647;
			files = (
				EC349C3D2048A82B005D7751 /* LaunchScreen.storyboard in Resources */,
				EC349C3A2048A82B005D7751 /* Assets.xcassets in Resources */,
				EC349C382048A829005D7751 /* Main.storyboard in Resources */,
			);
			runOnlyForDeploymentPostprocessing = 0;
		};
/* End PBXResourcesBuildPhase section */

/* Begin PBXShellScriptBuildPhase section */
		9F3AC224760428E1D928D7F3 /* [CP] Check Pods Manifest.lock */ = {
			isa = PBXShellScriptBuildPhase;
			buildActionMask = 2147483647;
			files = (
			);
			inputPaths = (
				"${PODS_PODFILE_DIR_PATH}/Podfile.lock",
				"${PODS_ROOT}/Manifest.lock",
			);
			name = "[CP] Check Pods Manifest.lock";
			outputPaths = (
				"$(DERIVED_FILE_DIR)/Pods-City Mapa-checkManifestLockResult.txt",
			);
			runOnlyForDeploymentPostprocessing = 0;
			shellPath = /bin/sh;
			shellScript = "diff \"${PODS_PODFILE_DIR_PATH}/Podfile.lock\" \"${PODS_ROOT}/Manifest.lock\" > /dev/null\nif [ $? != 0 ] ; then\n    # print error to STDERR\n    echo \"error: The sandbox is not in sync with the Podfile.lock. Run 'pod install' or update your CocoaPods installation.\" >&2\n    exit 1\nfi\n# This output is used by Xcode 'outputs' to avoid re-running this script phase.\necho \"SUCCESS\" > \"${SCRIPT_OUTPUT_FILE_0}\"\n";
			showEnvVarsInLog = 0;
		};
		BE0768C27D484BCCE095B57C /* [CP] Copy Pods Resources */ = {
			isa = PBXShellScriptBuildPhase;
			buildActionMask = 2147483647;
			files = (
			);
			inputPaths = (
			);
			name = "[CP] Copy Pods Resources";
			outputPaths = (
			);
			runOnlyForDeploymentPostprocessing = 0;
			shellPath = /bin/sh;
			shellScript = "\"${SRCROOT}/Pods/Target Support Files/Pods-City Mapa/Pods-City Mapa-resources.sh\"\n";
			showEnvVarsInLog = 0;
		};
		F8FA9AF9B21CBDC8E2668673 /* [CP] Embed Pods Frameworks */ = {
			isa = PBXShellScriptBuildPhase;
			buildActionMask = 2147483647;
			files = (
			);
			inputPaths = (
				"${SRCROOT}/Pods/Target Support Files/Pods-City Mapa/Pods-City Mapa-frameworks.sh",
				"${BUILT_PRODUCTS_DIR}/Alamofire/Alamofire.framework",
				"${BUILT_PRODUCTS_DIR}/AlamofireImage/AlamofireImage.framework",
			);
			name = "[CP] Embed Pods Frameworks";
			outputPaths = (
				"${TARGET_BUILD_DIR}/${FRAMEWORKS_FOLDER_PATH}/Alamofire.framework",
				"${TARGET_BUILD_DIR}/${FRAMEWORKS_FOLDER_PATH}/AlamofireImage.framework",
			);
			runOnlyForDeploymentPostprocessing = 0;
			shellPath = /bin/sh;
			shellScript = "\"${SRCROOT}/Pods/Target Support Files/Pods-City Mapa/Pods-City Mapa-frameworks.sh\"\n";
			showEnvVarsInLog = 0;
		};
/* End PBXShellScriptBuildPhase section */

/* Begin PBXSourcesBuildPhase section */
		EC349C2B2048A829005D7751 /* Sources */ = {
			isa = PBXSourcesBuildPhase;
			buildActionMask = 2147483647;
			files = (
				ECA6B4A620546EB9000EBB1F /* PopVC.swift in Sources */,
				EC349C352048A829005D7751 /* MapVC.swift in Sources */,
				EC2A4F0A2050A20B0077A6C4 /* PhotoCell.swift in Sources */,
				EC218A72204D37C700EFAC4B /* DroppablePin.swift in Sources */,
				EC349C332048A829005D7751 /* AppDelegate.swift in Sources */,
				EC349C492048A8FD005D7751 /* Constants.swift in Sources */,
			);
			runOnlyForDeploymentPostprocessing = 0;
		};
/* End PBXSourcesBuildPhase section */

/* Begin PBXVariantGroup section */
		EC349C362048A829005D7751 /* Main.storyboard */ = {
			isa = PBXVariantGroup;
			children = (
				EC349C372048A829005D7751 /* Base */,
			);
			name = Main.storyboard;
			sourceTree = "<group>";
		};
		EC349C3B2048A82B005D7751 /* LaunchScreen.storyboard */ = {
			isa = PBXVariantGroup;
			children = (
				EC349C3C2048A82B005D7751 /* Base */,
			);
			name = LaunchScreen.storyboard;
			sourceTree = "<group>";
		};
/* End PBXVariantGroup section */

/* Begin XCBuildConfiguration section */
		EC349C3F2048A82B005D7751 /* Debug */ = {
			isa = XCBuildConfiguration;
			buildSettings = {
				ALWAYS_SEARCH_USER_PATHS = NO;
				CLANG_ANALYZER_NONNULL = YES;
				CLANG_ANALYZER_NUMBER_OBJECT_CONVERSION = YES_AGGRESSIVE;
				CLANG_CXX_LANGUAGE_STANDARD = "gnu++14";
				CLANG_CXX_LIBRARY = "libc++";
				CLANG_ENABLE_MODULES = YES;
				CLANG_ENABLE_OBJC_ARC = YES;
				CLANG_ENABLE_OBJC_WEAK = YES;
				CLANG_WARN_BLOCK_CAPTURE_AUTORELEASING = YES;
				CLANG_WARN_BOOL_CONVERSION = YES;
				CLANG_WARN_COMMA = YES;
				CLANG_WARN_CONSTANT_CONVERSION = YES;
				CLANG_WARN_DEPRECATED_OBJC_IMPLEMENTATIONS = YES;
				CLANG_WARN_DIRECT_OBJC_ISA_USAGE = YES_ERROR;
				CLANG_WARN_DOCUMENTATION_COMMENTS = YES;
				CLANG_WARN_EMPTY_BODY = YES;
				CLANG_WARN_ENUM_CONVERSION = YES;
				CLANG_WARN_INFINITE_RECURSION = YES;
				CLANG_WARN_INT_CONVERSION = YES;
				CLANG_WARN_NON_LITERAL_NULL_CONVERSION = YES;
				CLANG_WARN_OBJC_IMPLICIT_RETAIN_SELF = YES;
				CLANG_WARN_OBJC_LITERAL_CONVERSION = YES;
				CLANG_WARN_OBJC_ROOT_CLASS = YES_ERROR;
				CLANG_WARN_RANGE_LOOP_ANALYSIS = YES;
				CLANG_WARN_STRICT_PROTOTYPES = YES;
				CLANG_WARN_SUSPICIOUS_MOVE = YES;
				CLANG_WARN_UNGUARDED_AVAILABILITY = YES_AGGRESSIVE;
				CLANG_WARN_UNREACHABLE_CODE = YES;
				CLANG_WARN__DUPLICATE_METHOD_MATCH = YES;
				CODE_SIGN_IDENTITY = "iPhone Developer";
				COPY_PHASE_STRIP = NO;
				DEBUG_INFORMATION_FORMAT = dwarf;
				ENABLE_STRICT_OBJC_MSGSEND = YES;
				ENABLE_TESTABILITY = YES;
				GCC_C_LANGUAGE_STANDARD = gnu11;
				GCC_DYNAMIC_NO_PIC = NO;
				GCC_NO_COMMON_BLOCKS = YES;
				GCC_OPTIMIZATION_LEVEL = 0;
				GCC_PREPROCESSOR_DEFINITIONS = (
					"DEBUG=1",
					"$(inherited)",
				);
				GCC_WARN_64_TO_32_BIT_CONVERSION = YES;
				GCC_WARN_ABOUT_RETURN_TYPE = YES_ERROR;
				GCC_WARN_UNDECLARED_SELECTOR = YES;
				GCC_WARN_UNINITIALIZED_AUTOS = YES_AGGRESSIVE;
				GCC_WARN_UNUSED_FUNCTION = YES;
				GCC_WARN_UNUSED_VARIABLE = YES;
				IPHONEOS_DEPLOYMENT_TARGET = 11.3;
				MTL_ENABLE_DEBUG_INFO = YES;
				ONLY_ACTIVE_ARCH = YES;
				SDKROOT = iphoneos;
				SWIFT_ACTIVE_COMPILATION_CONDITIONS = DEBUG;
				SWIFT_OPTIMIZATION_LEVEL = "-Onone";
			};
			name = Debug;
		};
		EC349C402048A82B005D7751 /* Release */ = {
			isa = XCBuildConfiguration;
			buildSettings = {
				ALWAYS_SEARCH_USER_PATHS = NO;
				CLANG_ANALYZER_NONNULL = YES;
				CLANG_ANALYZER_NUMBER_OBJECT_CONVERSION = YES_AGGRESSIVE;
				CLANG_CXX_LANGUAGE_STANDARD = "gnu++14";
				CLANG_CXX_LIBRARY = "libc++";
				CLANG_ENABLE_MODULES = YES;
				CLANG_ENABLE_OBJC_ARC = YES;
				CLANG_ENABLE_OBJC_WEAK = YES;
				CLANG_WARN_BLOCK_CAPTURE_AUTORELEASING = YES;
				CLANG_WARN_BOOL_CONVERSION = YES;
				CLANG_WARN_COMMA = YES;
				CLANG_WARN_CONSTANT_CONVERSION = YES;
				CLANG_WARN_DEPRECATED_OBJC_IMPLEMENTATIONS = YES;
				CLANG_WARN_DIRECT_OBJC_ISA_USAGE = YES_ERROR;
				CLANG_WARN_DOCUMENTATION_COMMENTS = YES;
				CLANG_WARN_EMPTY_BODY = YES;
				CLANG_WARN_ENUM_CONVERSION = YES;
				CLANG_WARN_INFINITE_RECURSION = YES;
				CLANG_WARN_INT_CONVERSION = YES;
				CLANG_WARN_NON_LITERAL_NULL_CONVERSION = YES;
				CLANG_WARN_OBJC_IMPLICIT_RETAIN_SELF = YES;
				CLANG_WARN_OBJC_LITERAL_CONVERSION = YES;
				CLANG_WARN_OBJC_ROOT_CLASS = YES_ERROR;
				CLANG_WARN_RANGE_LOOP_ANALYSIS = YES;
				CLANG_WARN_STRICT_PROTOTYPES = YES;
				CLANG_WARN_SUSPICIOUS_MOVE = YES;
				CLANG_WARN_UNGUARDED_AVAILABILITY = YES_AGGRESSIVE;
				CLANG_WARN_UNREACHABLE_CODE = YES;
				CLANG_WARN__DUPLICATE_METHOD_MATCH = YES;
				CODE_SIGN_IDENTITY = "iPhone Developer";
				COPY_PHASE_STRIP = NO;
				DEBUG_INFORMATION_FORMAT = "dwarf-with-dsym";
				ENABLE_NS_ASSERTIONS = NO;
				ENABLE_STRICT_OBJC_MSGSEND = YES;
				GCC_C_LANGUAGE_STANDARD = gnu11;
				GCC_NO_COMMON_BLOCKS = YES;
				GCC_WARN_64_TO_32_BIT_CONVERSION = YES;
				GCC_WARN_ABOUT_RETURN_TYPE = YES_ERROR;
				GCC_WARN_UNDECLARED_SELECTOR = YES;
				GCC_WARN_UNINITIALIZED_AUTOS = YES_AGGRESSIVE;
				GCC_WARN_UNUSED_FUNCTION = YES;
				GCC_WARN_UNUSED_VARIABLE = YES;
				IPHONEOS_DEPLOYMENT_TARGET = 11.3;
				MTL_ENABLE_DEBUG_INFO = NO;
				SDKROOT = iphoneos;
				SWIFT_COMPILATION_MODE = wholemodule;
				SWIFT_OPTIMIZATION_LEVEL = "-O";
				VALIDATE_PRODUCT = YES;
			};
			name = Release;
		};
		EC349C422048A82B005D7751 /* Debug */ = {
			isa = XCBuildConfiguration;
			baseConfigurationReference = 355AC659E8F7240D8B322962 /* Pods-City Mapa.debug.xcconfig */;
			buildSettings = {
				ASSETCATALOG_COMPILER_APPICON_NAME = AppIcon;
				CODE_SIGN_STYLE = Automatic;
				DEVELOPMENT_TEAM = CLALR9F4Q5;
				INFOPLIST_FILE = "City Mapa/Info.plist";
				LD_RUNPATH_SEARCH_PATHS = (
					"$(inherited)",
					"@executable_path/Frameworks",
				);
				PRODUCT_BUNDLE_IDENTIFIER = "by.azarov.City-Mapa";
				PRODUCT_NAME = "$(TARGET_NAME)";
				SWIFT_VERSION = 4.0;
				TARGETED_DEVICE_FAMILY = "1,2";
			};
			name = Debug;
		};
		EC349C432048A82B005D7751 /* Release */ = {
			isa = XCBuildConfiguration;
			baseConfigurationReference = 11574F889A8EADF159BE3BA2 /* Pods-City Mapa.release.xcconfig */;
			buildSettings = {
				ASSETCATALOG_COMPILER_APPICON_NAME = AppIcon;
				CODE_SIGN_STYLE = Automatic;
				DEVELOPMENT_TEAM = CLALR9F4Q5;
				INFOPLIST_FILE = "City Mapa/Info.plist";
				LD_RUNPATH_SEARCH_PATHS = (
					"$(inherited)",
					"@executable_path/Frameworks",
				);
				PRODUCT_BUNDLE_IDENTIFIER = "by.azarov.City-Mapa";
				PRODUCT_NAME = "$(TARGET_NAME)";
				SWIFT_VERSION = 4.0;
				TARGETED_DEVICE_FAMILY = "1,2";
			};
			name = Release;
		};
/* End XCBuildConfiguration section */

/* Begin XCConfigurationList section */
		EC349C2A2048A829005D7751 /* Build configuration list for PBXProject "City Mapa" */ = {
			isa = XCConfigurationList;
			buildConfigurations = (
				EC349C3F2048A82B005D7751 /* Debug */,
				EC349C402048A82B005D7751 /* Release */,
			);
			defaultConfigurationIsVisible = 0;
			defaultConfigurationName = Release;
		};
		EC349C412048A82B005D7751 /* Build configuration list for PBXNativeTarget "City Mapa" */ = {
			isa = XCConfigurationList;
			buildConfigurations = (
				EC349C422048A82B005D7751 /* Debug */,
				EC349C432048A82B005D7751 /* Release */,
			);
			defaultConfigurationIsVisible = 0;
			defaultConfigurationName = Release;
		};
/* End XCConfigurationList section */
	};
	rootObject = EC349C272048A829005D7751 /* Project object */;
}
